
Microsoft Visual Studio Solution File, Format Version 12.00
# Visual Studio 15
VisualStudioVersion = 15.0.27703.2000
MinimumVisualStudioVersion = 10.0.40219.1
Project("{FAE04EC0-301F-11D3-BF4B-00C04F79EFBC}") = "SwitchTasks", "SwitchTasks\SwitchTasks.csproj", "{CEA8567C-A275-4302-B921-06673677BC9C}"
EndProject
Global
	GlobalSection(SolutionConfigurationPlatforms) = preSolution
		Debug|Any CPU = Debug|Any CPU
		Release|Any CPU = Release|Any CPU
	EndGlobalSection
	GlobalSection(ProjectConfigurationPlatforms) = postSolution
		{CEA8567C-A275-4302-B921-06673677BC9C}.Debug|Any CPU.ActiveCfg = Debug|Any CPU
		{CEA8567C-A275-4302-B921-06673677BC9C}.Debug|Any CPU.Build.0 = Debug|Any CPU
		{CEA8567C-A275-4302-B921-06673677BC9C}.Release|Any CPU.ActiveCfg = Release|Any CPU
		{CEA8567C-A275-4302-B921-06673677BC9C}.Release|Any CPU.Build.0 = Release|Any CPU
	EndGlobalSection
	GlobalSection(SolutionProperties) = preSolution
		HideSolutionNode = FALSE
	EndGlobalSection
	GlobalSection(ExtensibilityGlobals) = postSolution
		SolutionGuid = {A9A013FB-B1E4-4EB7-A506-B9EFBBE2263A}
	EndGlobalSection
EndGlobal
